Microsoft Visual Studio Solution File, Format Version 12.00
# Visual Studio Version 17
VisualStudioVersion = 17.5.2.0
MinimumVisualStudioVersion = 10.0.40219.1
Project("{FAE04EC0-301F-11D3-BF4B-00C04F79EFBC}") = "GunDammvc", "GunDammvc.csproj", "{CE178392-4F8D-BD3D-5723-30F6118E52C3}"
EndProject
Global
	GlobalSection(SolutionConfigurationPlatforms) = preSolution
		Debug|Any CPU = Debug|Any CPU
		Release|Any CPU = Release|Any CPU
	EndGlobalSection
	GlobalSection(ProjectConfigurationPlatforms) = postSolution
		{CE178392-4F8D-BD3D-5723-30F6118E52C3}.Debug|Any CPU.ActiveCfg = Debug|Any CPU
		{CE178392-4F8D-BD3D-5723-30F6118E52C3}.Debug|Any CPU.Build.0 = Debug|Any CPU
		{CE178392-4F8D-BD3D-5723-30F6118E52C3}.Release|Any CPU.ActiveCfg = Release|Any CPU
		{CE178392-4F8D-BD3D-5723-30F6118E52C3}.Release|Any CPU.Build.0 = Release|Any CPU
	EndGlobalSection
	GlobalSection(SolutionProperties) = preSolution
		HideSolutionNode = FALSE
	EndGlobalSection
	GlobalSection(ExtensibilityGlobals) = postSolution
		SolutionGuid = {5AD57A44-2B57-45C9-9F66-99FED7E0E53D}
	EndGlobalSection
EndGlobal
